PODS:
  - FBSnapshotTestCase (1.6)
  - IFTTTLaunchImage (0.4.0)

DEPENDENCIES:
  - FBSnapshotTestCase
  - IFTTTLaunchImage (from `../IFTTTLaunchImage.podspec`)

EXTERNAL SOURCES:
  IFTTTLaunchImage:
    :path: ../IFTTTLaunchImage.podspec

SPEC CHECKSUMS:
  FBSnapshotTestCase: 9d5fe43b29ae3a0ed8fc829477971b281038f748
  IFTTTLaunchImage: 7068bb11e74f257d834ef07e712859d4f5b10936

COCOAPODS: 0.36.1
